// !$*UTF8*$!
{
	archiveVersion = 1;
	classes = {
	};
	objectVersion = 56;
	objects = {

/* Begin PBXBuildFile section */
		EB61BD4A2C0ED92400D5324C /* NewsCustomTableViewCell.swift in Sources */ = {isa = PBXBuildFile; fileRef = EB61BD492C0ED92400D5324C /* NewsCustomTableViewCell.swift */; };
		EBC48D562C0D8770001820AD /* AppDelegate.swift in Sources */ = {isa = PBXBuildFile; fileRef = EBC48D552C0D8770001820AD /* AppDelegate.swift */; };
		EBC48D582C0D8770001820AD /* SceneDelegate.swift in Sources */ = {isa = PBXBuildFile; fileRef = EBC48D572C0D8770001820AD /* SceneDelegate.swift */; };
		EBC48D5A2C0D8770001820AD /* ViewController.swift in Sources */ = {isa = PBXBuildFile; fileRef = EBC48D592C0D8770001820AD /* ViewController.swift */; };
		EBC48D5F2C0D8771001820AD /* Assets.xcassets in Resources */ = {isa = PBXBuildFile; fileRef = EBC48D5E2C0D8771001820AD /* Assets.xcassets */; };
		EBC48D622C0D8771001820AD /* Base in Resources */ = {isa = PBXBuildFile; fileRef = EBC48D612C0D8771001820AD /* Base */; };
		EBC48D6C2C0D9604001820AD /* NewsListViewController.swift in Sources */ = {isa = PBXBuildFile; fileRef = EBC48D6B2C0D9604001820AD /* NewsListViewController.swift */; };
		EBC48D6E2C0D9C37001820AD /* NaverNewsApi.swift in Sources */ = {isa = PBXBuildFile; fileRef = EBC48D6D2C0D9C37001820AD /* NaverNewsApi.swift */; };
		EBC48D702C0DA658001820AD /* NaverClient.swift in Sources */ = {isa = PBXBuildFile; fileRef = EBC48D6F2C0DA658001820AD /* NaverClient.swift */; };
		EBC48D722C0DB03F001820AD /* NewsModel.swift in Sources */ = {isa = PBXBuildFile; fileRef = EBC48D712C0DB03F001820AD /* NewsModel.swift */; };
/* End PBXBuildFile section */

/* Begin PBXFileReference section */
		EB61BD492C0ED92400D5324C /* NewsCustomTableViewCell.swift */ = {isa = PBXFileReference; lastKnownFileType = sourcecode.swift; path = NewsCustomTableViewCell.swift; sourceTree = "<group>"; };
		EBC48D522C0D8770001820AD /* ExchangeInspector.app */ = {isa = PBXFileReference; explicitFileType = wrapper.application; includeInIndex = 0; path = ExchangeInspector.app; sourceTree = BUILT_PRODUCTS_DIR; };
		EBC48D552C0D8770001820AD /* AppDelegate.swift */ = {isa = PBXFileReference; lastKnownFileType = sourcecode.swift; path = AppDelegate.swift; sourceTree = "<group>"; };
		EBC48D572C0D8770001820AD /* SceneDelegate.swift */ = {isa = PBXFileReference; lastKnownFileType = sourcecode.swift; path = SceneDelegate.swift; sourceTree = "<group>"; };
		EBC48D592C0D8770001820AD /* ViewController.swift */ = {isa = PBXFileReference; lastKnownFileType = sourcecode.swift; path = ViewController.swift; sourceTree = "<group>"; };
		EBC48D5E2C0D8771001820AD /* Assets.xcassets */ = {isa = PBXFileReference; lastKnownFileType = folder.assetcatalog; path = Assets.xcassets; sourceTree = "<group>"; };
		EBC48D612C0D8771001820AD /* Base */ = {isa = PBXFileReference; lastKnownFileType = file.storyboard; name = Base; path = Base.lproj/LaunchScreen.storyboard; sourceTree = "<group>"; };
		EBC48D632C0D8771001820AD /* Info.plist */ = {isa = PBXFileReference; lastKnownFileType = text.plist.xml; path = Info.plist; sourceTree = "<group>"; };
		EBC48D6B2C0D9604001820AD /* NewsListViewController.swift */ = {isa = PBXFileReference; lastKnownFileType = sourcecode.swift; path = NewsListViewController.swift; sourceTree = "<group>"; };
		EBC48D6D2C0D9C37001820AD /* NaverNewsApi.swift */ = {isa = PBXFileReference; lastKnownFileType = sourcecode.swift; path = NaverNewsApi.swift; sourceTree = "<group>"; };
		EBC48D6F2C0DA658001820AD /* NaverClient.swift */ = {isa = PBXFileReference; lastKnownFileType = sourcecode.swift; path = NaverClient.swift; sourceTree = "<group>"; };
		EBC48D712C0DB03F001820AD /* NewsModel.swift */ = {isa = PBXFileReference; lastKnownFileType = sourcecode.swift; path = NewsModel.swift; sourceTree = "<group>"; };
/* End PBXFileReference section */

/* Begin PBXFrameworksBuildPhase section */
		EBC48D4F2C0D8770001820AD /* Frameworks */ = {
			isa = PBXFrameworksBuildPhase;
			buildActionMask = 2147483647;
			files = (
			);
			runOnlyForDeploymentPostprocessing = 0;
		};
/* End PBXFrameworksBuildPhase section */

/* Begin PBXGroup section */
		EBC48D492C0D8770001820AD = {
			isa = PBXGroup;
			children = (
				EBC48D542C0D8770001820AD /* ExchangeInspector */,
				EBC48D532C0D8770001820AD /* Products */,
			);
			sourceTree = "<group>";
		};
		EBC48D532C0D8770001820AD /* Products */ = {
			isa = PBXGroup;
			children = (
				EBC48D522C0D8770001820AD /* ExchangeInspector.app */,
			);
			name = Products;
			sourceTree = "<group>";
		};
		EBC48D542C0D8770001820AD /* ExchangeInspector */ = {
			isa = PBXGroup;
			children = (
				EBC48D552C0D8770001820AD /* AppDelegate.swift */,
				EBC48D572C0D8770001820AD /* SceneDelegate.swift */,
				EBC48D6B2C0D9604001820AD /* NewsListViewController.swift */,
				EB61BD492C0ED92400D5324C /* NewsCustomTableViewCell.swift */,
				EBC48D6D2C0D9C37001820AD /* NaverNewsApi.swift */,
				EBC48D712C0DB03F001820AD /* NewsModel.swift */,
				EBC48D6F2C0DA658001820AD /* NaverClient.swift */,
				EBC48D592C0D8770001820AD /* ViewController.swift */,
				EBC48D5E2C0D8771001820AD /* Assets.xcassets */,
				EBC48D602C0D8771001820AD /* LaunchScreen.storyboard */,
				EBC48D632C0D8771001820AD /* Info.plist */,
			);
			path = ExchangeInspector;
			sourceTree = "<group>";
		};
/* End PBXGroup section */

/* Begin PBXNativeTarget section */
		EBC48D512C0D8770001820AD /* ExchangeInspector */ = {
			isa = PBXNativeTarget;
			buildConfigurationList = EBC48D662C0D8771001820AD /* Build configuration list for PBXNativeTarget "ExchangeInspector" */;
			buildPhases = (
				EBC48D4E2C0D8770001820AD /* Sources */,
				EBC48D4F2C0D8770001820AD /* Frameworks */,
				EBC48D502C0D8770001820AD /* Resources */,
			);
			buildRules = (
			);
			dependencies = (
			);
			name = ExchangeInspector;
			productName = ExchangeInspector;
			productReference = EBC48D522C0D8770001820AD /* ExchangeInspector.app */;
			productType = "com.apple.product-type.application";
		};
/* End PBXNativeTarget section */

/* Begin PBXProject section */
		EBC48D4A2C0D8770001820AD /* Project object */ = {
			isa = PBXProject;
			attributes = {
				BuildIndependentTargetsInParallel = 1;
				LastSwiftUpdateCheck = 1530;
				LastUpgradeCheck = 1530;
				TargetAttributes = {
					EBC48D512C0D8770001820AD = {
						CreatedOnToolsVersion = 15.3;
					};
				};
			};
			buildConfigurationList = EBC48D4D2C0D8770001820AD /* Build configuration list for PBXProject "ExchangeInspector" */;
			compatibilityVersion = "Xcode 14.0";
			developmentRegion = en;
			hasScannedForEncodings = 0;
			knownRegions = (
				en,
				Base,
			);
			mainGroup = EBC48D492C0D8770001820AD;
			productRefGroup = EBC48D532C0D8770001820AD /* Products */;
			projectDirPath = "";
			projectRoot = "";
			targets = (
				EBC48D512C0D8770001820AD /* ExchangeInspector */,
			);
		};
/* End PBXProject section */

/* Begin PBXResourcesBuildPhase section */
		EBC48D502C0D8770001820AD /* Resources */ = {
			isa = PBXResourcesBuildPhase;
			buildActionMask = 2147483647;
			files = (
				EBC48D5F2C0D8771001820AD /* Assets.xcassets in Resources */,
				EBC48D622C0D8771001820AD /* Base in Resources */,
			);
			runOnlyForDeploymentPostprocessing = 0;
		};
/* End PBXResourcesBuildPhase section */

/* Begin PBXSourcesBuildPhase section */
		EBC48D4E2C0D8770001820AD /* Sources */ = {
			isa = PBXSourcesBuildPhase;
			buildActionMask = 2147483647;
			files = (
				EBC48D722C0DB03F001820AD /* NewsModel.swift in Sources */,
				EBC48D5A2C0D8770001820AD /* ViewController.swift in Sources */,
				EBC48D6E2C0D9C37001820AD /* NaverNewsApi.swift in Sources */,
				EB61BD4A2C0ED92400D5324C /* NewsCustomTableViewCell.swift in Sources */,
				EBC48D562C0D8770001820AD /* AppDelegate.swift in Sources */,
				EBC48D582C0D8770001820AD /* SceneDelegate.swift in Sources */,
				EBC48D6C2C0D9604001820AD /* NewsListViewController.swift in Sources */,
				EBC48D702C0DA658001820AD /* NaverClient.swift in Sources */,
			);
			runOnlyForDeploymentPostprocessing = 0;
		};
/* End PBXSourcesBuildPhase section */

/* Begin PBXVariantGroup section */
		EBC48D602C0D8771001820AD /* LaunchScreen.storyboard */ = {
			isa = PBXVariantGroup;
			children = (
				EBC48D612C0D8771001820AD /* Base */,
			);
			name = LaunchScreen.storyboard;
			sourceTree = "<group>";
		};
/* End PBXVariantGroup section */

/* Begin XCBuildConfiguration section */
		EBC48D642C0D8771001820AD /* Debug */ = {
			isa = XCBuildConfiguration;
			buildSettings = {
				ALWAYS_SEARCH_USER_PATHS = NO;
				ASSETCATALOG_COMPILER_GENERATE_SWIFT_ASSET_SYMBOL_EXTENSIONS = YES;
				CLANG_ANALYZER_NONNULL = YES;
				CLANG_ANALYZER_NUMBER_OBJECT_CONVERSION = YES_AGGRESSIVE;
				CLANG_CXX_LANGUAGE_STANDARD = "gnu++20";
				CLANG_ENABLE_MODULES = YES;
				CLANG_ENABLE_OBJC_ARC = YES;
				CLANG_ENABLE_OBJC_WEAK = YES;
				CLANG_WARN_BLOCK_CAPTURE_AUTORELEASING = YES;
				CLANG_WARN_BOOL_CONVERSION = YES;
				CLANG_WARN_COMMA = YES;
				CLANG_WARN_CONSTANT_CONVERSION = YES;
				CLANG_WARN_DEPRECATED_OBJC_IMPLEMENTATIONS = YES;
				CLANG_WARN_DIRECT_OBJC_ISA_USAGE = YES_ERROR;
				CLANG_WARN_DOCUMENTATION_COMMENTS = YES;
				CLANG_WARN_EMPTY_BODY = YES;
				CLANG_WARN_ENUM_CONVERSION = YES;
				CLANG_WARN_INFINITE_RECURSION = YES;
				CLANG_WARN_INT_CONVERSION = YES;
				CLANG_WARN_NON_LITERAL_NULL_CONVERSION = YES;
				CLANG_WARN_OBJC_IMPLICIT_RETAIN_SELF = YES;
				CLANG_WARN_OBJC_LITERAL_CONVERSION = YES;
				CLANG_WARN_OBJC_ROOT_CLASS = YES_ERROR;
				CLANG_WARN_QUOTED_INCLUDE_IN_FRAMEWORK_HEADER = YES;
				CLANG_WARN_RANGE_LOOP_ANALYSIS = YES;
				CLANG_WARN_STRICT_PROTOTYPES = YES;
				CLANG_WARN_SUSPICIOUS_MOVE = YES;
				CLANG_WARN_UNGUARDED_AVAILABILITY = YES_AGGRESSIVE;
				CLANG_WARN_UNREACHABLE_CODE = YES;
				CLANG_WARN__DUPLICATE_METHOD_MATCH = YES;
				COPY_PHASE_STRIP = NO;
				DEBUG_INFORMATION_FORMAT = dwarf;
				ENABLE_STRICT_OBJC_MSGSEND = YES;
				ENABLE_TESTABILITY = YES;
				ENABLE_USER_SCRIPT_SANDBOXING = YES;
				GCC_C_LANGUAGE_STANDARD = gnu17;
				GCC_DYNAMIC_NO_PIC = NO;
				GCC_NO_COMMON_BLOCKS = YES;
				GCC_OPTIMIZATION_LEVEL = 0;
				GCC_PREPROCESSOR_DEFINITIONS = (
					"DEBUG=1",
					"$(inherited)",
				);
				GCC_WARN_64_TO_32_BIT_CONVERSION = YES;
				GCC_WARN_ABOUT_RETURN_TYPE = YES_ERROR;
				GCC_WARN_UNDECLARED_SELECTOR = YES;
				GCC_WARN_UNINITIALIZED_AUTOS = YES_AGGRESSIVE;
				GCC_WARN_UNUSED_FUNCTION = YES;
				GCC_WARN_UNUSED_VARIABLE = YES;
				IPHONEOS_DEPLOYMENT_TARGET = 17.4;
				LOCALIZATION_PREFERS_STRING_CATALOGS = YES;
				MTL_ENABLE_DEBUG_INFO = INCLUDE_SOURCE;
				MTL_FAST_MATH = YES;
				ONLY_ACTIVE_ARCH = YES;
				SDKROOT = iphoneos;
				SWIFT_ACTIVE_COMPILATION_CONDITIONS = "DEBUG $(inherited)";
				SWIFT_OPTIMIZATION_LEVEL = "-Onone";
			};
			name = Debug;
		};
		EBC48D652C0D8771001820AD /* Release */ = {
			isa = XCBuildConfiguration;
			buildSettings = {
				ALWAYS_SEARCH_USER_PATHS = NO;
				ASSETCATALOG_COMPILER_GENERATE_SWIFT_ASSET_SYMBOL_EXTENSIONS = YES;
				CLANG_ANALYZER_NONNULL = YES;
				CLANG_ANALYZER_NUMBER_OBJECT_CONVERSION = YES_AGGRESSIVE;
				CLANG_CXX_LANGUAGE_STANDARD = "gnu++20";
				CLANG_ENABLE_MODULES = YES;
				CLANG_ENABLE_OBJC_ARC = YES;
				CLANG_ENABLE_OBJC_WEAK = YES;
				CLANG_WARN_BLOCK_CAPTURE_AUTORELEASING = YES;
				CLANG_WARN_BOOL_CONVERSION = YES;
				CLANG_WARN_COMMA = YES;
				CLANG_WARN_CONSTANT_CONVERSION = YES;
				CLANG_WARN_DEPRECATED_OBJC_IMPLEMENTATIONS = YES;
				CLANG_WARN_DIRECT_OBJC_ISA_USAGE = YES_ERROR;
				CLANG_WARN_DOCUMENTATION_COMMENTS = YES;
				CLANG_WARN_EMPTY_BODY = YES;
				CLANG_WARN_ENUM_CONVERSION = YES;
				CLANG_WARN_INFINITE_RECURSION = YES;
				CLANG_WARN_INT_CONVERSION = YES;
				CLANG_WARN_NON_LITERAL_NULL_CONVERSION = YES;
				CLANG_WARN_OBJC_IMPLICIT_RETAIN_SELF = YES;
				CLANG_WARN_OBJC_LITERAL_CONVERSION = YES;
				CLANG_WARN_OBJC_ROOT_CLASS = YES_ERROR;
				CLANG_WARN_QUOTED_INCLUDE_IN_FRAMEWORK_HEADER = YES;
				CLANG_WARN_RANGE_LOOP_ANALYSIS = YES;
				CLANG_WARN_STRICT_PROTOTYPES = YES;
				CLANG_WARN_SUSPICIOUS_MOVE = YES;
				CLANG_WARN_UNGUARDED_AVAILABILITY = YES_AGGRESSIVE;
				CLANG_WARN_UNREACHABLE_CODE = YES;
				CLANG_WARN__DUPLICATE_METHOD_MATCH = YES;
				COPY_PHASE_STRIP = NO;
				DEBUG_INFORMATION_FORMAT = "dwarf-with-dsym";
				ENABLE_NS_ASSERTIONS = NO;
				ENABLE_STRICT_OBJC_MSGSEND = YES;
				ENABLE_USER_SCRIPT_SANDBOXING = YES;
				GCC_C_LANGUAGE_STANDARD = gnu17;
				GCC_NO_COMMON_BLOCKS = YES;
				GCC_WARN_64_TO_32_BIT_CONVERSION = YES;
				GCC_WARN_ABOUT_RETURN_TYPE = YES_ERROR;
				GCC_WARN_UNDECLARED_SELECTOR = YES;
				GCC_WARN_UNINITIALIZED_AUTOS = YES_AGGRESSIVE;
				GCC_WARN_UNUSED_FUNCTION = YES;
				GCC_WARN_UNUSED_VARIABLE = YES;
				IPHONEOS_DEPLOYMENT_TARGET = 17.4;
				LOCALIZATION_PREFERS_STRING_CATALOGS = YES;
				MTL_ENABLE_DEBUG_INFO = NO;
				MTL_FAST_MATH = YES;
				SDKROOT = iphoneos;
				SWIFT_COMPILATION_MODE = wholemodule;
				VALIDATE_PRODUCT = YES;
			};
			name = Release;
		};
		EBC48D672C0D8771001820AD /* Debug */ = {
			isa = XCBuildConfiguration;
			buildSettings = {
				ASSETCATALOG_COMPILER_APPICON_NAME = AppIcon;
				ASSETCATALOG_COMPILER_GLOBAL_ACCENT_COLOR_NAME = AccentColor;
				CODE_SIGN_STYLE = Automatic;
				CURRENT_PROJECT_VERSION = 1;
				GENERATE_INFOPLIST_FILE = YES;
				INFOPLIST_FILE = ExchangeInspector/Info.plist;
				INFOPLIST_KEY_UIApplicationSupportsIndirectInputEvents = YES;
				INFOPLIST_KEY_UILaunchStoryboardName = LaunchScreen;
				INFOPLIST_KEY_UISupportedInterfaceOrientations_iPad = "UIInterfaceOrientationPortrait UIInterfaceOrientationPortraitUpsideDown UIInterfaceOrientationLandscapeLeft UIInterfaceOrientationLandscapeRight";
				INFOPLIST_KEY_UISupportedInterfaceOrientations_iPhone = "UIInterfaceOrientationPortrait UIInterfaceOrientationLandscapeLeft UIInterfaceOrientationLandscapeRight";
				LD_RUNPATH_SEARCH_PATHS = (
					"$(inherited)",
					"@executable_path/Frameworks",
				);
				MARKETING_VERSION = 1.0;
				PRODUCT_BUNDLE_IDENTIFIER = hwangseunghye.ExchangeInspector;
				PRODUCT_NAME = "$(TARGET_NAME)";
				SWIFT_EMIT_LOC_STRINGS = YES;
				SWIFT_VERSION = 5.0;
				TARGETED_DEVICE_FAMILY = "1,2";
			};
			name = Debug;
		};
		EBC48D682C0D8771001820AD /* Release */ = {
			isa = XCBuildConfiguration;
			buildSettings = {
				ASSETCATALOG_COMPILER_APPICON_NAME = AppIcon;
				ASSETCATALOG_COMPILER_GLOBAL_ACCENT_COLOR_NAME = AccentColor;
				CODE_SIGN_STYLE = Automatic;
				CURRENT_PROJECT_VERSION = 1;
				GENERATE_INFOPLIST_FILE = YES;
				INFOPLIST_FILE = ExchangeInspector/Info.plist;
				INFOPLIST_KEY_UIApplicationSupportsIndirectInputEvents = YES;
				INFOPLIST_KEY_UILaunchStoryboardName = LaunchScreen;
				INFOPLIST_KEY_UISupportedInterfaceOrientations_iPad = "UIInterfaceOrientationPortrait UIInterfaceOrientationPortraitUpsideDown UIInterfaceOrientationLandscapeLeft UIInterfaceOrientationLandscapeRight";
				INFOPLIST_KEY_UISupportedInterfaceOrientations_iPhone = "UIInterfaceOrientationPortrait UIInterfaceOrientationLandscapeLeft UIInterfaceOrientationLandscapeRight";
				LD_RUNPATH_SEARCH_PATHS = (
					"$(inherited)",
					"@executable_path/Frameworks",
				);
				MARKETING_VERSION = 1.0;
				PRODUCT_BUNDLE_IDENTIFIER = hwangseunghye.ExchangeInspector;
				PRODUCT_NAME = "$(TARGET_NAME)";
				SWIFT_EMIT_LOC_STRINGS = YES;
				SWIFT_VERSION = 5.0;
				TARGETED_DEVICE_FAMILY = "1,2";
			};
			name = Release;
		};
/* End XCBuildConfiguration section */

/* Begin XCConfigurationList section */
		EBC48D4D2C0D8770001820AD /* Build configuration list for PBXProject "ExchangeInspector" */ = {
			isa = XCConfigurationList;
			buildConfigurations = (
				EBC48D642C0D8771001820AD /* Debug */,
				EBC48D652C0D8771001820AD /* Release */,
			);
			defaultConfigurationIsVisible = 0;
			defaultConfigurationName = Release;
		};
		EBC48D662C0D8771001820AD /* Build configuration list for PBXNativeTarget "ExchangeInspector" */ = {
			isa = XCConfigurationList;
			buildConfigurations = (
				EBC48D672C0D8771001820AD /* Debug */,
				EBC48D682C0D8771001820AD /* Release */,
			);
			defaultConfigurationIsVisible = 0;
			defaultConfigurationName = Release;
		};
/* End XCConfigurationList section */
	};
	rootObject = EBC48D4A2C0D8770001820AD /* Project object */;
}
